{
  "version": 4,
  "terraform_version": "1.6.3",
  "serial": 58,
  "lineage": "86cf8ba2-4353-fea3-d6f8-036ed41fdf3d",
  "outputs": {},
  "resources": [
    {
      "mode": "data",
      "type": "yandex_compute_image",
      "name": "coi",
      "provider": "provider[\"registry.terraform.io/yandex-cloud/yandex\"]",
      "instances": [
        {
          "schema_version": 0,
          "attributes": {
            "created_at": "2022-02-04T12:30:26Z",
            "description": "Container Optimized Image 2.3.10",
            "family": "container-optimized-image",
            "folder_id": "standard-images",
            "id": "fd80o2eikcn22b229tsa",
            "image_id": "fd80o2eikcn22b229tsa",
            "labels": {},
            "min_disk_size": 30,
            "name": "container-optimized-image-v20220204a",
            "os_type": "linux",
            "pooled": true,
            "product_ids": [
              "f2elf7186figj4p34at5"
            ],
            "size": 6,
            "status": "ready"
          },
          "sensitive_attributes": []
        }
      ]
    },
    {
      "mode": "managed",
      "type": "yandex_compute_instance_group",
      "name": "ig-coi",
      "provider": "provider[\"registry.terraform.io/yandex-cloud/yandex\"]",
      "instances": [
        {
          "schema_version": 0,
          "attributes": {
            "allocation_policy": [
              {
                "instance_tags_pool": [],
                "zones": [
                  "ru-central1-a"
                ]
              }
            ],
            "application_load_balancer": [],
            "created_at": "2023-11-11T22:36:14Z",
            "deletion_protection": false,
            "deploy_policy": [
              {
                "max_creating": 2,
                "max_deleting": 2,
                "max_expansion": 2,
                "max_unavailable": 2,
                "startup_duration": 0,
                "strategy": "proactive"
              }
            ],
            "description": "",
            "folder_id": "b1g4063p3a506fhtm24n",
            "health_check": [],
            "id": "cl1jvpdlr0fbf755kdcq",
            "instance_template": [
              {
                "boot_disk": [
                  {
                    "device_name": "",
                    "disk_id": "",
                    "initialize_params": [
                      {
                        "description": "",
                        "image_id": "fd80o2eikcn22b229tsa",
                        "size": 30,
                        "snapshot_id": "",
                        "type": "network-hdd"
                      }
                    ],
                    "mode": "READ_WRITE"
                  }
                ],
                "description": "",
                "filesystem": [],
                "hostname": "",
                "labels": {},
                "metadata": {
                  "docker-compose": "version: '3.7'\nservices:\n  catgpt:\n    container_name: catgpt\n    image: \"cr.yandex/crp0nnmkoeaq1b8pja7i:catgpt\"\n    restart: always\n    network_mode: \"host\"\n",
                  "ssh-keys": "ubuntu:ssh-rsa AAAAB3NzaC1yc2EAAAADAQABAAABgQC82FyahWpQIAE1ST+DKspFykcE0u8tkwwTgH+zBsRnEwkfdxD0533TGNqwRTGiDsgkJgotU7cxt99NlGydcuNQ0hJROG6luSpGC7pHq11RFbIqPEI6PpHZq040iwH++MXwtp6SSS269GiVIrDHICDEf6nRcaVkxtHtS9TMLorvgvt8/Nerl7av920GQ/xtDgfxdPYZYBKopK2+nHg7VntqHGv7psDnkdf3jZrjtJCvsuGA6h8TF1Iqe/V38fzrSJYgjhsezMc7EA4/h4yuAYeiihUSTC6RZWCQVuTLRXX+w0moaX6Nu6nnZ1UDDVJgNUCfaHuEiHcTtSqJGDS9NuuVgwmLOOKpgQ/HSB/CxdTSQOai2ddAjJMf1SntdELYOKotnKrPo/AhZqqunM4Hy7SYD3eEV3hJ5oOkzMB51RkHoGl03HeKwreezcrPF8ChqGC9Cb5bb8t1N45lrBcJb6osUVFPNSrjgyIZoydJ2sKuSDF5ZxelCDdOUaPL2ZCcryE= dima@msksk-mfa01\n"
                },
                "name": "",
                "network_interface": [
                  {
                    "dns_record": [],
                    "ip_address": "",
                    "ipv4": true,
                    "ipv6": false,
                    "ipv6_address": "",
                    "ipv6_dns_record": [],
                    "nat": true,
                    "nat_dns_record": [],
                    "nat_ip_address": "",
                    "network_id": "enpuq1affp46l97mrk0r",
                    "security_group_ids": [],
                    "subnet_ids": [
                      "e9b9b0im1s13gtegn385",
                      "e9bg6iv7ar5i58807rrc"
                    ]
                  }
                ],
                "network_settings": [],
                "placement_policy": [],
                "platform_id": "standard-v2",
                "resources": [
                  {
                    "core_fraction": 5,
                    "cores": 2,
                    "gpus": 0,
                    "memory": 1
                  }
                ],
                "scheduling_policy": [
                  {
                    "preemptible": true
                  }
                ],
                "secondary_disk": [],
                "service_account_id": ""
              }
            ],
            "instances": [
              {
                "fqdn": "cl1jvpdlr0fbf755kdcq-ypuh.ru-central1.internal",
                "instance_id": "fhm9n9jgp1447216hou7",
                "instance_tag": "",
                "name": "cl1jvpdlr0fbf755kdcq-ypuh",
                "network_interface": [
                  {
                    "index": 0,
                    "ip_address": "10.5.0.4",
                    "ipv4": true,
                    "ipv6": false,
                    "ipv6_address": "",
                    "mac_address": "d0:0d:9b:a6:70:c8",
                    "nat": true,
                    "nat_ip_address": "158.160.38.152",
                    "nat_ip_version": "IPV4",
                    "subnet_id": "e9bg6iv7ar5i58807rrc"
                  }
                ],
                "status": "OPENING_TRAFFIC",
                "status_changed_at": "2023-11-12T11:47:15Z",
                "status_message": "[NLB unhealthy]; Awaiting HEALTHY state for target(s) 10.5.0.4. Elapsed time: 4m 33s.",
                "zone_id": "ru-central1-a"
              },
              {
                "fqdn": "cl1jvpdlr0fbf755kdcq-oguw.ru-central1.internal",
                "instance_id": "fhm46mnicimh3j81jn1i",
                "instance_tag": "",
                "name": "cl1jvpdlr0fbf755kdcq-oguw",
                "network_interface": [
                  {
                    "index": 0,
                    "ip_address": "10.5.0.29",
                    "ipv4": true,
                    "ipv6": false,
                    "ipv6_address": "",
                    "mac_address": "d0:0d:43:5a:f2:64",
                    "nat": true,
                    "nat_ip_address": "130.193.51.104",
                    "nat_ip_version": "IPV4",
                    "subnet_id": "e9bg6iv7ar5i58807rrc"
                  }
                ],
                "status": "RUNNING_ACTUAL",
                "status_changed_at": "2023-11-12T11:47:23Z",
                "status_message": "",
                "zone_id": "ru-central1-a"
              }
            ],
            "labels": {},
            "load_balancer": [
              {
                "ignore_health_checks": false,
                "max_opening_traffic_duration": 0,
                "status_message": "",
                "target_group_description": "",
                "target_group_id": "enppdo201db31udkjj8f",
                "target_group_labels": {},
                "target_group_name": "auto-group-tg"
              }
            ],
            "max_checking_health_duration": null,
            "name": "ig-coi",
            "scale_policy": [
              {
                "auto_scale": [],
                "fixed_scale": [
                  {
                    "size": 2
                  }
                ],
                "test_auto_scale": []
              }
            ],
            "service_account_id": "ajep7qi22jf7jm9p50nb",
            "status": "ACTIVE",
            "timeouts": null,
            "variables": {}
          },
          "sensitive_attributes": [],
          "private": "eyJlMmJmYjczMC1lY2FhLTExZTYtOGY4OC0zNDM2M2JjN2M0YzAiOnsiY3JlYXRlIjoxODAwMDAwMDAwMDAwLCJkZWxldGUiOjE4MDAwMDAwMDAwMDAsInVwZGF0ZSI6MTgwMDAwMDAwMDAwMH19",
          "dependencies": [
            "data.yandex_compute_image.coi",
            "yandex_vpc_network.network-1",
            "yandex_vpc_subnet.subnet-1",
            "yandex_vpc_subnet.subnet-2"
          ]
        }
      ]
    },
    {
      "mode": "managed",
      "type": "yandex_lb_network_load_balancer",
      "name": "load-balancer",
      "provider": "provider[\"registry.terraform.io/yandex-cloud/yandex\"]",
      "instances": [
        {
          "schema_version": 0,
          "attributes": {
            "attached_target_group": [
              {
                "healthcheck": [
                  {
                    "healthy_threshold": 2,
                    "http_options": [
                      {
                        "path": "/ping",
                        "port": 8080
                      }
                    ],
                    "interval": 2,
                    "name": "http",
                    "tcp_options": [],
                    "timeout": 1,
                    "unhealthy_threshold": 2
                  }
                ],
                "target_group_id": "enppdo201db31udkjj8f"
              }
            ],
            "created_at": "2023-11-11T22:37:04Z",
            "deletion_protection": false,
            "description": "",
            "folder_id": "b1g4063p3a506fhtm24n",
            "id": "enpu2mrpojs1m2l3rohg",
            "labels": {},
            "listener": [
              {
                "external_address_spec": [
                  {
                    "address": "158.160.132.34",
                    "ip_version": "ipv4"
                  }
                ],
                "internal_address_spec": [],
                "name": "listener",
                "port": 8080,
                "protocol": "tcp",
                "target_port": 8080
              }
            ],
            "name": "load-balancer",
            "region_id": "ru-central1",
            "timeouts": null,
            "type": "external"
          },
          "sensitive_attributes": [],
          "private": "eyJlMmJmYjczMC1lY2FhLTExZTYtOGY4OC0zNDM2M2JjN2M0YzAiOnsiY3JlYXRlIjozMDAwMDAwMDAwMDAsImRlbGV0ZSI6MzAwMDAwMDAwMDAwLCJ1cGRhdGUiOjMwMDAwMDAwMDAwMH19",
          "dependencies": [
            "data.yandex_compute_image.coi",
            "yandex_compute_instance_group.ig-coi",
            "yandex_vpc_network.network-1",
            "yandex_vpc_subnet.subnet-1",
            "yandex_vpc_subnet.subnet-2"
          ]
        }
      ]
    },
    {
      "mode": "managed",
      "type": "yandex_vpc_network",
      "name": "network-1",
      "provider": "provider[\"registry.terraform.io/yandex-cloud/yandex\"]",
      "instances": [
        {
          "schema_version": 0,
          "attributes": {
            "created_at": "2023-11-11T22:23:50Z",
            "default_security_group_id": "enpj4u11kunjn07sm57h",
            "description": "",
            "folder_id": "b1g4063p3a506fhtm24n",
            "id": "enpuq1affp46l97mrk0r",
            "labels": {},
            "name": "",
            "subnet_ids": [
              "e9b9b0im1s13gtegn385",
              "e9bg6iv7ar5i58807rrc"
            ],
            "timeouts": null
          },
          "sensitive_attributes": [],
          "private": "eyJlMmJmYjczMC1lY2FhLTExZTYtOGY4OC0zNDM2M2JjN2M0YzAiOnsiY3JlYXRlIjo2MDAwMDAwMDAwMCwiZGVsZXRlIjo2MDAwMDAwMDAwMCwidXBkYXRlIjo2MDAwMDAwMDAwMH19"
        }
      ]
    },
    {
      "mode": "managed",
      "type": "yandex_vpc_subnet",
      "name": "subnet-1",
      "provider": "provider[\"registry.terraform.io/yandex-cloud/yandex\"]",
      "instances": [
        {
          "schema_version": 0,
          "attributes": {
            "created_at": "2023-11-11T22:23:53Z",
            "description": "",
            "dhcp_options": [],
            "folder_id": "b1g4063p3a506fhtm24n",
            "id": "e9bg6iv7ar5i58807rrc",
            "labels": {},
            "name": "",
            "network_id": "enpuq1affp46l97mrk0r",
            "route_table_id": "",
            "timeouts": null,
            "v4_cidr_blocks": [
              "10.5.0.0/24"
            ],
            "v6_cidr_blocks": [],
            "zone": "ru-central1-a"
          },
          "sensitive_attributes": [],
          "private": "eyJlMmJmYjczMC1lY2FhLTExZTYtOGY4OC0zNDM2M2JjN2M0YzAiOnsiY3JlYXRlIjoxODAwMDAwMDAwMDAsImRlbGV0ZSI6MTgwMDAwMDAwMDAwLCJ1cGRhdGUiOjE4MDAwMDAwMDAwMH19",
          "dependencies": [
            "yandex_vpc_network.network-1"
          ]
        }
      ]
    },
    {
      "mode": "managed",
      "type": "yandex_vpc_subnet",
      "name": "subnet-2",
      "provider": "provider[\"registry.terraform.io/yandex-cloud/yandex\"]",
      "instances": [
        {
          "schema_version": 0,
          "attributes": {
            "created_at": "2023-11-11T22:34:22Z",
            "description": "",
            "dhcp_options": [],
            "folder_id": "b1g4063p3a506fhtm24n",
            "id": "e9b9b0im1s13gtegn385",
            "labels": {},
            "name": "",
            "network_id": "enpuq1affp46l97mrk0r",
            "route_table_id": "",
            "timeouts": null,
            "v4_cidr_blocks": [
              "10.6.0.0/24"
            ],
            "v6_cidr_blocks": [],
            "zone": "ru-central1-a"
          },
          "sensitive_attributes": [],
          "private": "eyJlMmJmYjczMC1lY2FhLTExZTYtOGY4OC0zNDM2M2JjN2M0YzAiOnsiY3JlYXRlIjoxODAwMDAwMDAwMDAsImRlbGV0ZSI6MTgwMDAwMDAwMDAwLCJ1cGRhdGUiOjE4MDAwMDAwMDAwMH19",
          "dependencies": [
            "yandex_vpc_network.network-1"
          ]
        }
      ]
    }
  ],
  "check_results": null
}
